
Microsoft Visual Studio Solution File, Format Version 12.00
# Visual Studio Version 17
VisualStudioVersion = 17.13.35931.197
MinimumVisualStudioVersion = 10.0.40219.1
Project("{FAE04EC0-301F-11D3-BF4B-00C04F79EFBC}") = "Pokedex", "Pokedex\Pokedex.csproj", "{697FE31D-E86F-45A0-828A-3DA140C7B82E}"
EndProject
Project("{FAE04EC0-301F-11D3-BF4B-00C04F79EFBC}") = "PokeBLL", "PokeBLL\PokeBLL.csproj", "{6D7FF05F-0157-4FE2-977A-ABF9535D4BFF}"
EndProject
Project("{2150E333-8FDC-42A3-9474-1A3956D46DE8}") = "1-PokeWeb", "1-PokeWeb", "{02EA681E-C7D8-13C7-8484-4AC65E1B71E8}"
EndProject
Project("{2150E333-8FDC-42A3-9474-1A3956D46DE8}") = "2-PokeBLL", "2-PokeBLL", "{78DBDF9B-A354-42BB-A5C8-5D40AD66DA08}"
EndProject
Project("{2150E333-8FDC-42A3-9474-1A3956D46DE8}") = "3-PokeDAL", "3-PokeDAL", "{7934461D-A8C6-4706-BDA4-23B60D0B8496}"
EndProject
Project("{FAE04EC0-301F-11D3-BF4B-00C04F79EFBC}") = "PokeDAL", "PokeDAL\PokeDAL.csproj", "{099BD052-EA7C-42F6-8F52-80DFC8C39187}"
EndProject
Project("{2150E333-8FDC-42A3-9474-1A3956D46DE8}") = "4-PokeDataSource", "4-PokeDataSource", "{CE5659FF-0B8E-4144-AE81-6A6C17FCC95C}"
EndProject
Project("{FAE04EC0-301F-11D3-BF4B-00C04F79EFBC}") = "PokeDataSource", "PokeSERVICE\PokeDataSource.csproj", "{656F0E78-DF55-4EB2-B658-C96A5A96D0FC}"
EndProject
Project("{2150E333-8FDC-42A3-9474-1A3956D46DE8}") = "5-TestLayer", "5-TestLayer", "{056B64A5-4C9C-4CED-94DD-6AD8A1326F51}"
EndProject
Project("{FAE04EC0-301F-11D3-BF4B-00C04F79EFBC}") = "PokeTest", "PokeTest\PokeTest.csproj", "{F1B12668-E638-4E0A-8F41-C4AE2780D085}"
EndProject
Global
	GlobalSection(SolutionConfigurationPlatforms) = preSolution
		Debug|Any CPU = Debug|Any CPU
		Release|Any CPU = Release|Any CPU
	EndGlobalSection
	GlobalSection(ProjectConfigurationPlatforms) = postSolution
		{697FE31D-E86F-45A0-828A-3DA140C7B82E}.Debug|Any CPU.ActiveCfg = Debug|Any CPU
		{697FE31D-E86F-45A0-828A-3DA140C7B82E}.Debug|Any CPU.Build.0 = Debug|Any CPU
		{697FE31D-E86F-45A0-828A-3DA140C7B82E}.Release|Any CPU.ActiveCfg = Release|Any CPU
		{697FE31D-E86F-45A0-828A-3DA140C7B82E}.Release|Any CPU.Build.0 = Release|Any CPU
		{6D7FF05F-0157-4FE2-977A-ABF9535D4BFF}.Debug|Any CPU.ActiveCfg = Debug|Any CPU
		{6D7FF05F-0157-4FE2-977A-ABF9535D4BFF}.Debug|Any CPU.Build.0 = Debug|Any CPU
		{6D7FF05F-0157-4FE2-977A-ABF9535D4BFF}.Release|Any CPU.ActiveCfg = Release|Any CPU
		{6D7FF05F-0157-4FE2-977A-ABF9535D4BFF}.Release|Any CPU.Build.0 = Release|Any CPU
		{099BD052-EA7C-42F6-8F52-80DFC8C39187}.Debug|Any CPU.ActiveCfg = Debug|Any CPU
		{099BD052-EA7C-42F6-8F52-80DFC8C39187}.Debug|Any CPU.Build.0 = Debug|Any CPU
		{099BD052-EA7C-42F6-8F52-80DFC8C39187}.Release|Any CPU.ActiveCfg = Release|Any CPU
		{099BD052-EA7C-42F6-8F52-80DFC8C39187}.Release|Any CPU.Build.0 = Release|Any CPU
		{656F0E78-DF55-4EB2-B658-C96A5A96D0FC}.Debug|Any CPU.ActiveCfg = Debug|Any CPU
		{656F0E78-DF55-4EB2-B658-C96A5A96D0FC}.Debug|Any CPU.Build.0 = Debug|Any CPU
		{656F0E78-DF55-4EB2-B658-C96A5A96D0FC}.Release|Any CPU.ActiveCfg = Release|Any CPU
		{656F0E78-DF55-4EB2-B658-C96A5A96D0FC}.Release|Any CPU.Build.0 = Release|Any CPU
		{F1B12668-E638-4E0A-8F41-C4AE2780D085}.Debug|Any CPU.ActiveCfg = Debug|Any CPU
		{F1B12668-E638-4E0A-8F41-C4AE2780D085}.Debug|Any CPU.Build.0 = Debug|Any CPU
		{F1B12668-E638-4E0A-8F41-C4AE2780D085}.Release|Any CPU.ActiveCfg = Release|Any CPU
		{F1B12668-E638-4E0A-8F41-C4AE2780D085}.Release|Any CPU.Build.0 = Release|Any CPU
	EndGlobalSection
	GlobalSection(SolutionProperties) = preSolution
		HideSolutionNode = FALSE
	EndGlobalSection
	GlobalSection(NestedProjects) = preSolution
		{697FE31D-E86F-45A0-828A-3DA140C7B82E} = {02EA681E-C7D8-13C7-8484-4AC65E1B71E8}
		{6D7FF05F-0157-4FE2-977A-ABF9535D4BFF} = {78DBDF9B-A354-42BB-A5C8-5D40AD66DA08}
		{099BD052-EA7C-42F6-8F52-80DFC8C39187} = {7934461D-A8C6-4706-BDA4-23B60D0B8496}
		{656F0E78-DF55-4EB2-B658-C96A5A96D0FC} = {CE5659FF-0B8E-4144-AE81-6A6C17FCC95C}
		{F1B12668-E638-4E0A-8F41-C4AE2780D085} = {056B64A5-4C9C-4CED-94DD-6AD8A1326F51}
	EndGlobalSection
	GlobalSection(ExtensibilityGlobals) = postSolution
		SolutionGuid = {DE0D6985-ABFA-4BE2-9ADC-7DD5AE59CED3}
	EndGlobalSection
EndGlobal
